
Microsoft Visual Studio Solution File, Format Version 12.00
# Visual Studio Version 17
VisualStudioVersion = 17.14.36414.22 d17.14
MinimumVisualStudioVersion = 10.0.40219.1
Project("{FAE04EC0-301F-11D3-BF4B-00C04F79EFBC}") = "BTVN1.1", "BTVN1.1\BTVN1.1.csproj", "{36DB5164-E1F1-41F4-A66D-B00403B0C15D}"
EndProject
Global
	GlobalSection(SolutionConfigurationPlatforms) = preSolution
		Debug|Any CPU = Debug|Any CPU
		Release|Any CPU = Release|Any CPU
	EndGlobalSection
	GlobalSection(ProjectConfigurationPlatforms) = postSolution
		{36DB5164-E1F1-41F4-A66D-B00403B0C15D}.Debug|Any CPU.ActiveCfg = Debug|Any CPU
		{36DB5164-E1F1-41F4-A66D-B00403B0C15D}.Debug|Any CPU.Build.0 = Debug|Any CPU
		{36DB5164-E1F1-41F4-A66D-B00403B0C15D}.Release|Any CPU.ActiveCfg = Release|Any CPU
		{36DB5164-E1F1-41F4-A66D-B00403B0C15D}.Release|Any CPU.Build.0 = Release|Any CPU
	EndGlobalSection
	GlobalSection(SolutionProperties) = preSolution
		HideSolutionNode = FALSE
	EndGlobalSection
	GlobalSection(ExtensibilityGlobals) = postSolution
		SolutionGuid = {0F15348F-6558-4ABB-BF0C-0565C393821B}
	EndGlobalSection
EndGlobal
